github.com/google/uuid v1.1.1 h1:Gkbcsh/GbpXz7lPftLA3P6TYMwjCLYm83jiFQZF/3gY=
github.com/google/uuid v1.1.1/go.mod h1:TIyPZe4MgqvfeYDBFedMoGGpEw/LqOeaOT+nhxU+yHo=
github.com/jordwest/mock-conn v0.0.0-20180617021051-4896c6bd1641 h1:ChkB2s4mFDekyUUmbNE7qNhennP0rfqF2YZUOGxbhFk=
github.com/jordwest/mock-conn v0.0.0-20180617021051-4896c6bd1641/go.mod h1:AJFEOPtj5Z5z3MAy+0uvjQAH02iRnQr6fnvuHYp/Jek=
